
Microsoft Visual Studio Solution File, Format Version 12.00
# Visual Studio Version 17
VisualStudioVersion = 17.0.32112.339
MinimumVisualStudioVersion = 10.0.40219.1
Project("{9A19103F-16F7-4668-BE54-9A1E7A4F7556}") = "Collections", "Collections\Collections.csproj", "{38C88B33-4F17-40C1-836F-99E880AB1BFE}"
EndProject
Project("{FAE04EC0-301F-11D3-BF4B-00C04F79EFBC}") = "OOPfourprinciple", "OOPfourprinciple\OOPfourprinciple.csproj", "{26B2430E-05F4-4548-B116-F93ECAD5A9C7}"
EndProject
Global
	GlobalSection(SolutionConfigurationPlatforms) = preSolution
		Debug|Any CPU = Debug|Any CPU
		Release|Any CPU = Release|Any CPU
	EndGlobalSection
	GlobalSection(ProjectConfigurationPlatforms) = postSolution
		{38C88B33-4F17-40C1-836F-99E880AB1BFE}.Debug|Any CPU.ActiveCfg = Debug|Any CPU
		{38C88B33-4F17-40C1-836F-99E880AB1BFE}.Debug|Any CPU.Build.0 = Debug|Any CPU
		{38C88B33-4F17-40C1-836F-99E880AB1BFE}.Release|Any CPU.ActiveCfg = Release|Any CPU
		{38C88B33-4F17-40C1-836F-99E880AB1BFE}.Release|Any CPU.Build.0 = Release|Any CPU
		{26B2430E-05F4-4548-B116-F93ECAD5A9C7}.Debug|Any CPU.ActiveCfg = Debug|Any CPU
		{26B2430E-05F4-4548-B116-F93ECAD5A9C7}.Debug|Any CPU.Build.0 = Debug|Any CPU
		{26B2430E-05F4-4548-B116-F93ECAD5A9C7}.Release|Any CPU.ActiveCfg = Release|Any CPU
		{26B2430E-05F4-4548-B116-F93ECAD5A9C7}.Release|Any CPU.Build.0 = Release|Any CPU
	EndGlobalSection
	GlobalSection(SolutionProperties) = preSolution
		HideSolutionNode = FALSE
	EndGlobalSection
	GlobalSection(ExtensibilityGlobals) = postSolution
		SolutionGuid = {8EBA6F37-57D3-4A0B-80A0-6211D3AA8E6B}
	EndGlobalSection
EndGlobal
